
Microsoft Visual Studio Solution File, Format Version 12.00
# Visual Studio Version 17
VisualStudioVersion = 17.4.33213.308
MinimumVisualStudioVersion = 10.0.40219.1
Project("{9A19103F-16F7-4668-BE54-9A1E7A4F7556}") = "MyNotesApplication-Mail-Service", "MyNotesApplication-Mail-Service\MyNotesApplication-Mail-Service.csproj", "{6FF97937-44A9-4EB4-8B97-A9BDD399BE36}"
EndProject
Global
	GlobalSection(SolutionConfigurationPlatforms) = preSolution
		Debug|Any CPU = Debug|Any CPU
		Release|Any CPU = Release|Any CPU
	EndGlobalSection
	GlobalSection(ProjectConfigurationPlatforms) = postSolution
		{6FF97937-44A9-4EB4-8B97-A9BDD399BE36}.Debug|Any CPU.ActiveCfg = Debug|Any CPU
		{6FF97937-44A9-4EB4-8B97-A9BDD399BE36}.Debug|Any CPU.Build.0 = Debug|Any CPU
		{6FF97937-44A9-4EB4-8B97-A9BDD399BE36}.Release|Any CPU.ActiveCfg = Release|Any CPU
		{6FF97937-44A9-4EB4-8B97-A9BDD399BE36}.Release|Any CPU.Build.0 = Release|Any CPU
	EndGlobalSection
	GlobalSection(SolutionProperties) = preSolution
		HideSolutionNode = FALSE
	EndGlobalSection
	GlobalSection(ExtensibilityGlobals) = postSolution
		SolutionGuid = {83B51B24-DA24-414A-BFA8-43B312A2F475}
	EndGlobalSection
EndGlobal
